<?xml version="1.0" encoding="utf-8"?>
<Project ToolsVersion="4.0" xmlns="http://schemas.microsoft.com/developer/msbuild/2003">
  <ItemGroup>
    <Filter Include="소스 파일">
      <UniqueIdentifier>{4FC737F1-C7A5-4376-A066-2A32D752A2FF}</UniqueIdentifier>
      <Extensions>cpp;c;cc;cxx;def;odl;idl;hpj;bat;asm;asmx</Extensions>
    </Filter>
    <Filter Include="헤더 파일">
      <UniqueIdentifier>{93995380-89BD-4b04-88EB-625FBE52EBFB}</UniqueIdentifier>
      <Extensions>h;hh;hpp;hxx;hm;inl;inc;ipp;xsd</Extensions>
    </Filter>
    <Filter Include="리소스 파일">
      <UniqueIdentifier>{67DA6AB6-F800-4c08-8B7A-83BB121AAD01}</UniqueIdentifier>
      <Extensions>rc;ico;cur;bmp;dlg;rc2;rct;bin;rgs;gif;jpg;jpeg;jpe;resx;tiff;tif;png;wav;mfcribbon-ms</Extensions>
    </Filter>
    <Filter Include="헤더 파일\Opt">
      <UniqueIdentifier>{38bd1133-2b85-4d6c-8e66-f728c1a29e19}</UniqueIdentifier>
    </Filter>
    <Filter Include="헤더 파일\Layer">
      <UniqueIdentifier>{d9f4cc79-514e-4311-ad0d-20df05bf46e4}</UniqueIdentifier>
    </Filter>
    <Filter Include="헤더 파일\Activation">
      <UniqueIdentifier>{5f88045e-124e-4090-9234-9e282454ba6c}</UniqueIdentifier>
    </Filter>
    <Filter Include="헤더 파일\Loss">
      <UniqueIdentifier>{2cc4486d-b87e-40f2-acd0-72a40b50ccdc}</UniqueIdentifier>
    </Filter>
    <Filter Include="헤더 파일\Callback">
      <UniqueIdentifier>{5ade69dc-723e-41f5-bdc1-bd5eadc327bc}</UniqueIdentifier>
    </Filter>
  </ItemGroup>
  <ItemGroup>
    <ClCompile Include="EinsNN.cpp">
      <Filter>소스 파일</Filter>
    </ClCompile>
  </ItemGroup>
  <ItemGroup>
    <ClInclude Include="include\EinsNN.h">
      <Filter>헤더 파일</Filter>
    </ClInclude>
    <ClInclude Include="include\opt\Optimizer.h">
      <Filter>헤더 파일\Opt</Filter>
    </ClInclude>
    <ClInclude Include="include\layer\Layer.h">
      <Filter>헤더 파일\Layer</Filter>
    </ClInclude>
    <ClInclude Include="include\layer\Fully_Connected.h">
      <Filter>헤더 파일\Layer</Filter>
    </ClInclude>
    <ClInclude Include="include\opt\AdamOptimizer.h">
      <Filter>헤더 파일\Opt</Filter>
    </ClInclude>
    <ClInclude Include="include\activation\ELU.h">
      <Filter>헤더 파일\Activation</Filter>
    </ClInclude>
    <ClInclude Include="include\activation\Activation.h">
      <Filter>헤더 파일\Activation</Filter>
    </ClInclude>
    <ClInclude Include="include\Config.h">
      <Filter>헤더 파일</Filter>
    </ClInclude>
    <ClInclude Include="include\activation\NoneActivation.h">
      <Filter>헤더 파일\Activation</Filter>
    </ClInclude>
    <ClInclude Include="include\Loss\MSE.h">
      <Filter>헤더 파일\Loss</Filter>
    </ClInclude>
    <ClInclude Include="include\Loss\Loss.h">
      <Filter>헤더 파일\Loss</Filter>
    </ClInclude>
    <ClInclude Include="include\Callback\Callback.h">
      <Filter>헤더 파일\Callback</Filter>
    </ClInclude>
    <ClInclude Include="include\Callback\VerboseCallback.h">
      <Filter>헤더 파일\Callback</Filter>
    </ClInclude>
    <ClInclude Include="include\Model.h">
      <Filter>헤더 파일</Filter>
    </ClInclude>
    <ClInclude Include="include\BatchQueue.h">
      <Filter>헤더 파일</Filter>
    </ClInclude>
  </ItemGroup>
</Project>